
Microsoft Visual Studio Solution File, Format Version 12.00
# Visual Studio Version 17
VisualStudioVersion = 17.9.34728.123
MinimumVisualStudioVersion = 10.0.40219.1
Project("{FAE04EC0-301F-11D3-BF4B-00C04F79EFBC}") = "KeePassLookAlike", "KeePassLookAlike\KeePassLookAlike.csproj", "{13208827-6D4E-43D3-907B-49E262668786}"
EndProject
Global
	GlobalSection(SolutionConfigurationPlatforms) = preSolution
		Debug|Any CPU = Debug|Any CPU
		Release|Any CPU = Release|Any CPU
	EndGlobalSection
	GlobalSection(ProjectConfigurationPlatforms) = postSolution
		{13208827-6D4E-43D3-907B-49E262668786}.Debug|Any CPU.ActiveCfg = Debug|Any CPU
		{13208827-6D4E-43D3-907B-49E262668786}.Debug|Any CPU.Build.0 = Debug|Any CPU
		{13208827-6D4E-43D3-907B-49E262668786}.Release|Any CPU.ActiveCfg = Release|Any CPU
		{13208827-6D4E-43D3-907B-49E262668786}.Release|Any CPU.Build.0 = Release|Any CPU
	EndGlobalSection
	GlobalSection(SolutionProperties) = preSolution
		HideSolutionNode = FALSE
	EndGlobalSection
	GlobalSection(ExtensibilityGlobals) = postSolution
		SolutionGuid = {AE3A557A-40BC-4F0B-BED5-17D4FA397F6D}
	EndGlobalSection
EndGlobal
